
Microsoft Visual Studio Solution File, Format Version 12.00
# Visual Studio Version 17
VisualStudioVersion = 17.13.35913.81 d17.13
MinimumVisualStudioVersion = 10.0.40219.1
Project("{FAE04EC0-301F-11D3-BF4B-00C04F79EFBC}") = "Lapura_LA2", "Lapura_LA2\Lapura_LA2.csproj", "{6DEBB2F2-61CF-43D4-81BB-E95EDAA824B1}"
EndProject
Global
	GlobalSection(SolutionConfigurationPlatforms) = preSolution
		Debug|Any CPU = Debug|Any CPU
		Release|Any CPU = Release|Any CPU
	EndGlobalSection
	GlobalSection(ProjectConfigurationPlatforms) = postSolution
		{6DEBB2F2-61CF-43D4-81BB-E95EDAA824B1}.Debug|Any CPU.ActiveCfg = Debug|Any CPU
		{6DEBB2F2-61CF-43D4-81BB-E95EDAA824B1}.Debug|Any CPU.Build.0 = Debug|Any CPU
		{6DEBB2F2-61CF-43D4-81BB-E95EDAA824B1}.Release|Any CPU.ActiveCfg = Release|Any CPU
		{6DEBB2F2-61CF-43D4-81BB-E95EDAA824B1}.Release|Any CPU.Build.0 = Release|Any CPU
	EndGlobalSection
	GlobalSection(SolutionProperties) = preSolution
		HideSolutionNode = FALSE
	EndGlobalSection
	GlobalSection(ExtensibilityGlobals) = postSolution
		SolutionGuid = {3BABB9E2-27F8-4B42-B169-B354B31A9F35}
	EndGlobalSection
EndGlobal
